
Microsoft Visual Studio Solution File, Format Version 12.00
# Visual Studio Version 16
VisualStudioVersion = 16.0.31205.134
MinimumVisualStudioVersion = 10.0.40219.1
Project("{FAE04EC0-301F-11D3-BF4B-00C04F79EFBC}") = "Server", "Server\Server.csproj", "{EF53A4C0-0D45-40C0-AED0-5755B7995B45}"
EndProject
Project("{FAE04EC0-301F-11D3-BF4B-00C04F79EFBC}") = "Client", "Client\Client.csproj", "{5000ECE6-D998-4A47-A9AE-B22A9BBD6600}"
EndProject
Global
	GlobalSection(SolutionConfigurationPlatforms) = preSolution
		Debug|Any CPU = Debug|Any CPU
		Release|Any CPU = Release|Any CPU
	EndGlobalSection
	GlobalSection(ProjectConfigurationPlatforms) = postSolution
		{EF53A4C0-0D45-40C0-AED0-5755B7995B45}.Debug|Any CPU.ActiveCfg = Debug|Any CPU
		{EF53A4C0-0D45-40C0-AED0-5755B7995B45}.Debug|Any CPU.Build.0 = Debug|Any CPU
		{EF53A4C0-0D45-40C0-AED0-5755B7995B45}.Release|Any CPU.ActiveCfg = Release|Any CPU
		{EF53A4C0-0D45-40C0-AED0-5755B7995B45}.Release|Any CPU.Build.0 = Release|Any CPU
		{5000ECE6-D998-4A47-A9AE-B22A9BBD6600}.Debug|Any CPU.ActiveCfg = Debug|Any CPU
		{5000ECE6-D998-4A47-A9AE-B22A9BBD6600}.Debug|Any CPU.Build.0 = Debug|Any CPU
		{5000ECE6-D998-4A47-A9AE-B22A9BBD6600}.Release|Any CPU.ActiveCfg = Release|Any CPU
		{5000ECE6-D998-4A47-A9AE-B22A9BBD6600}.Release|Any CPU.Build.0 = Release|Any CPU
	EndGlobalSection
	GlobalSection(SolutionProperties) = preSolution
		HideSolutionNode = FALSE
	EndGlobalSection
	GlobalSection(ExtensibilityGlobals) = postSolution
		SolutionGuid = {96D42539-02B3-45E1-882C-9CD7279C33E7}
	EndGlobalSection
EndGlobal
