
Microsoft Visual Studio Solution File, Format Version 12.00
# Visual Studio Version 16
VisualStudioVersion = 16.0.31005.135
MinimumVisualStudioVersion = 10.0.40219.1
Project("{FAE04EC0-301F-11D3-BF4B-00C04F79EFBC}") = "Lab2", "Lab2\Lab2.csproj", "{298BC7B7-A67F-49DB-816E-35979021CD18}"
EndProject
Global
	GlobalSection(SolutionConfigurationPlatforms) = preSolution
		Debug|Any CPU = Debug|Any CPU
		Release|Any CPU = Release|Any CPU
	EndGlobalSection
	GlobalSection(ProjectConfigurationPlatforms) = postSolution
		{298BC7B7-A67F-49DB-816E-35979021CD18}.Debug|Any CPU.ActiveCfg = Debug|Any CPU
		{298BC7B7-A67F-49DB-816E-35979021CD18}.Debug|Any CPU.Build.0 = Debug|Any CPU
		{298BC7B7-A67F-49DB-816E-35979021CD18}.Release|Any CPU.ActiveCfg = Release|Any CPU
		{298BC7B7-A67F-49DB-816E-35979021CD18}.Release|Any CPU.Build.0 = Release|Any CPU
	EndGlobalSection
	GlobalSection(SolutionProperties) = preSolution
		HideSolutionNode = FALSE
	EndGlobalSection
	GlobalSection(ExtensibilityGlobals) = postSolution
		SolutionGuid = {087391E4-49CF-486E-8064-3A607DF1DB78}
	EndGlobalSection
EndGlobal
